
Microsoft Visual Studio Solution File, Format Version 12.00
# Visual Studio Version 17
VisualStudioVersion = 17.5.33530.505
MinimumVisualStudioVersion = 10.0.40219.1
Project("{FAE04EC0-301F-11D3-BF4B-00C04F79EFBC}") = "Aula9", "Aula9\Aula9.csproj", "{316E6AE4-3FB3-4A4B-8A59-56020C4A6653}"
EndProject
Global
	GlobalSection(SolutionConfigurationPlatforms) = preSolution
		Debug|Any CPU = Debug|Any CPU
		Release|Any CPU = Release|Any CPU
	EndGlobalSection
	GlobalSection(ProjectConfigurationPlatforms) = postSolution
		{316E6AE4-3FB3-4A4B-8A59-56020C4A6653}.Debug|Any CPU.ActiveCfg = Debug|Any CPU
		{316E6AE4-3FB3-4A4B-8A59-56020C4A6653}.Debug|Any CPU.Build.0 = Debug|Any CPU
		{316E6AE4-3FB3-4A4B-8A59-56020C4A6653}.Release|Any CPU.ActiveCfg = Release|Any CPU
		{316E6AE4-3FB3-4A4B-8A59-56020C4A6653}.Release|Any CPU.Build.0 = Release|Any CPU
	EndGlobalSection
	GlobalSection(SolutionProperties) = preSolution
		HideSolutionNode = FALSE
	EndGlobalSection
	GlobalSection(ExtensibilityGlobals) = postSolution
		SolutionGuid = {5C489647-38DA-4979-BBBF-67CAC65BC2BA}
	EndGlobalSection
EndGlobal
