
Microsoft Visual Studio Solution File, Format Version 12.00
# Visual Studio Version 17
VisualStudioVersion = 17.3.32825.248
MinimumVisualStudioVersion = 10.0.40219.1
Project("{FAE04EC0-301F-11D3-BF4B-00C04F79EFBC}") = "ProjetoFaculdade", "ProjetoFaculdade\ProjetoFaculdade.csproj", "{9673BC70-7266-497D-9F92-6AA7C27522FB}"
EndProject
Global
	GlobalSection(SolutionConfigurationPlatforms) = preSolution
		Debug|Any CPU = Debug|Any CPU
		Release|Any CPU = Release|Any CPU
	EndGlobalSection
	GlobalSection(ProjectConfigurationPlatforms) = postSolution
		{9673BC70-7266-497D-9F92-6AA7C27522FB}.Debug|Any CPU.ActiveCfg = Debug|Any CPU
		{9673BC70-7266-497D-9F92-6AA7C27522FB}.Debug|Any CPU.Build.0 = Debug|Any CPU
		{9673BC70-7266-497D-9F92-6AA7C27522FB}.Release|Any CPU.ActiveCfg = Release|Any CPU
		{9673BC70-7266-497D-9F92-6AA7C27522FB}.Release|Any CPU.Build.0 = Release|Any CPU
	EndGlobalSection
	GlobalSection(SolutionProperties) = preSolution
		HideSolutionNode = FALSE
	EndGlobalSection
	GlobalSection(ExtensibilityGlobals) = postSolution
		SolutionGuid = {97C3C33F-9B36-439F-A533-8EB39F74F543}
	EndGlobalSection
EndGlobal
