
Microsoft Visual Studio Solution File, Format Version 12.00
# Visual Studio Version 17
VisualStudioVersion = 17.5.33530.505
MinimumVisualStudioVersion = 10.0.40219.1
Project("{FAE04EC0-301F-11D3-BF4B-00C04F79EFBC}") = "Aula6", "Aula6\Aula6.csproj", "{B7612E58-6A65-47A7-8A07-7210B3372572}"
EndProject
Global
	GlobalSection(SolutionConfigurationPlatforms) = preSolution
		Debug|Any CPU = Debug|Any CPU
		Release|Any CPU = Release|Any CPU
	EndGlobalSection
	GlobalSection(ProjectConfigurationPlatforms) = postSolution
		{B7612E58-6A65-47A7-8A07-7210B3372572}.Debug|Any CPU.ActiveCfg = Debug|Any CPU
		{B7612E58-6A65-47A7-8A07-7210B3372572}.Debug|Any CPU.Build.0 = Debug|Any CPU
		{B7612E58-6A65-47A7-8A07-7210B3372572}.Release|Any CPU.ActiveCfg = Release|Any CPU
		{B7612E58-6A65-47A7-8A07-7210B3372572}.Release|Any CPU.Build.0 = Release|Any CPU
	EndGlobalSection
	GlobalSection(SolutionProperties) = preSolution
		HideSolutionNode = FALSE
	EndGlobalSection
	GlobalSection(ExtensibilityGlobals) = postSolution
		SolutionGuid = {2D2C4A79-A7D1-4B93-AB52-E28C974F35A8}
	EndGlobalSection
EndGlobal
