
Microsoft Visual Studio Solution File, Format Version 12.00
# Visual Studio Version 17
VisualStudioVersion = 17.3.32825.248
MinimumVisualStudioVersion = 10.0.40219.1
Project("{FAE04EC0-301F-11D3-BF4B-00C04F79EFBC}") = "Aula 2(Resolução)", "Aula 2(Resolução)\Aula 2(Resolução).csproj", "{9A622434-51FB-4D24-B84F-4FE8AEA1DC5E}"
EndProject
Global
	GlobalSection(SolutionConfigurationPlatforms) = preSolution
		Debug|Any CPU = Debug|Any CPU
		Release|Any CPU = Release|Any CPU
	EndGlobalSection
	GlobalSection(ProjectConfigurationPlatforms) = postSolution
		{9A622434-51FB-4D24-B84F-4FE8AEA1DC5E}.Debug|Any CPU.ActiveCfg = Debug|Any CPU
		{9A622434-51FB-4D24-B84F-4FE8AEA1DC5E}.Debug|Any CPU.Build.0 = Debug|Any CPU
		{9A622434-51FB-4D24-B84F-4FE8AEA1DC5E}.Release|Any CPU.ActiveCfg = Release|Any CPU
		{9A622434-51FB-4D24-B84F-4FE8AEA1DC5E}.Release|Any CPU.Build.0 = Release|Any CPU
	EndGlobalSection
	GlobalSection(SolutionProperties) = preSolution
		HideSolutionNode = FALSE
	EndGlobalSection
	GlobalSection(ExtensibilityGlobals) = postSolution
		SolutionGuid = {B0EC3F93-A08D-44EF-B91A-F37968788B9A}
	EndGlobalSection
EndGlobal
